// !$*UTF8*$!
{
	archiveVersion = 1;
	classes = {
	};
	objectVersion = 56;
	objects = {

/* Begin PBXBuildFile section */
		41071D272C3953A900828C8E /* LittleLemonRestaurantApp.swift in Sources */ = {isa = PBXBuildFile; fileRef = 41071D262C3953A900828C8E /* LittleLemonRestaurantApp.swift */; };
		41071D2B2C3953AA00828C8E /* Assets.xcassets in Resources */ = {isa = PBXBuildFile; fileRef = 41071D2A2C3953AA00828C8E /* Assets.xcassets */; };
		41071D352C3953D200828C8E /* OnBoardingView.swift in Sources */ = {isa = PBXBuildFile; fileRef = 41071D342C3953D200828C8E /* OnBoardingView.swift */; };
		41071D372C39592B00828C8E /* ViewModel.swift in Sources */ = {isa = PBXBuildFile; fileRef = 41071D362C39592B00828C8E /* ViewModel.swift */; };
		41071D392C39596900828C8E /* Header.swift in Sources */ = {isa = PBXBuildFile; fileRef = 41071D382C39596900828C8E /* Header.swift */; };
		412E683C2C3C544300375967 /* Hero.swift in Sources */ = {isa = PBXBuildFile; fileRef = 412E683B2C3C544300375967 /* Hero.swift */; };
		418486CA2C3CDCBB00381E77 /* MainScreen.swift in Sources */ = {isa = PBXBuildFile; fileRef = 418486C92C3CDCBB00381E77 /* MainScreen.swift */; };
		418486CC2C3CDCFD00381E77 /* FoodItem.swift in Sources */ = {isa = PBXBuildFile; fileRef = 418486CB2C3CDCFD00381E77 /* FoodItem.swift */; };
		418486CE2C3CDD2100381E77 /* DetailItem.swift in Sources */ = {isa = PBXBuildFile; fileRef = 418486CD2C3CDD2100381E77 /* DetailItem.swift */; };
		418486D22C3CDD9300381E77 /* ExampleDatabase.xcdatamodeld in Sources */ = {isa = PBXBuildFile; fileRef = 418486D02C3CDD9300381E77 /* ExampleDatabase.xcdatamodeld */; };
		418486D52C3CDF9F00381E77 /* Styles.swift in Sources */ = {isa = PBXBuildFile; fileRef = 418486D42C3CDF9F00381E77 /* Styles.swift */; };
		418486E52C3CE2F900381E77 /* Preview Assets.xcassets in Resources */ = {isa = PBXBuildFile; fileRef = 418486E32C3CE2F900381E77 /* Preview Assets.xcassets */; };
		4185861A2C3BC38000F3207F /* FetchedObjects.swift in Sources */ = {isa = PBXBuildFile; fileRef = 418586192C3BC38000F3207F /* FetchedObjects.swift */; };
		4185861C2C3BC38700F3207F /* Persistence.swift in Sources */ = {isa = PBXBuildFile; fileRef = 4185861B2C3BC38700F3207F /* Persistence.swift */; };
		4185861E2C3BC4C200F3207F /* MenuList.swift in Sources */ = {isa = PBXBuildFile; fileRef = 4185861D2C3BC4C200F3207F /* MenuList.swift */; };
		418586202C3BC4F500F3207F /* MenuItem.swift in Sources */ = {isa = PBXBuildFile; fileRef = 4185861F2C3BC4F500F3207F /* MenuItem.swift */; };
		418EFC1F2C3A93A90054069C /* Home.swift in Sources */ = {isa = PBXBuildFile; fileRef = 418EFC1E2C3A93A90054069C /* Home.swift */; };
		418EFC212C3A98770054069C /* Menu.swift in Sources */ = {isa = PBXBuildFile; fileRef = 418EFC202C3A98770054069C /* Menu.swift */; };
		418EFC232C3AA0D30054069C /* UserProfile.swift in Sources */ = {isa = PBXBuildFile; fileRef = 418EFC222C3AA0D30054069C /* UserProfile.swift */; };
/* End PBXBuildFile section */

/* Begin PBXFileReference section */
		41071D232C3953A900828C8E /* LittleLemonRestaurant.app */ = {isa = PBXFileReference; explicitFileType = wrapper.application; includeInIndex = 0; path = LittleLemonRestaurant.app; sourceTree = BUILT_PRODUCTS_DIR; };
		41071D262C3953A900828C8E /* LittleLemonRestaurantApp.swift */ = {isa = PBXFileReference; lastKnownFileType = sourcecode.swift; path = LittleLemonRestaurantApp.swift; sourceTree = "<group>"; };
		41071D2A2C3953AA00828C8E /* Assets.xcassets */ = {isa = PBXFileReference; lastKnownFileType = folder.assetcatalog; path = Assets.xcassets; sourceTree = "<group>"; };
		41071D342C3953D200828C8E /* OnBoardingView.swift */ = {isa = PBXFileReference; lastKnownFileType = sourcecode.swift; path = OnBoardingView.swift; sourceTree = "<group>"; };
		41071D362C39592B00828C8E /* ViewModel.swift */ = {isa = PBXFileReference; lastKnownFileType = sourcecode.swift; path = ViewModel.swift; sourceTree = "<group>"; };
		41071D382C39596900828C8E /* Header.swift */ = {isa = PBXFileReference; lastKnownFileType = sourcecode.swift; path = Header.swift; sourceTree = "<group>"; };
		412E683B2C3C544300375967 /* Hero.swift */ = {isa = PBXFileReference; lastKnownFileType = sourcecode.swift; path = Hero.swift; sourceTree = "<group>"; };
		418486C92C3CDCBB00381E77 /* MainScreen.swift */ = {isa = PBXFileReference; lastKnownFileType = sourcecode.swift; path = MainScreen.swift; sourceTree = "<group>"; };
		418486CB2C3CDCFD00381E77 /* FoodItem.swift */ = {isa = PBXFileReference; lastKnownFileType = sourcecode.swift; path = FoodItem.swift; sourceTree = "<group>"; };
		418486CD2C3CDD2100381E77 /* DetailItem.swift */ = {isa = PBXFileReference; lastKnownFileType = sourcecode.swift; path = DetailItem.swift; sourceTree = "<group>"; };
		418486D12C3CDD9300381E77 /* ExampleDatabase.xcdatamodel */ = {isa = PBXFileReference; lastKnownFileType = wrapper.xcdatamodel; path = ExampleDatabase.xcdatamodel; sourceTree = "<group>"; };
		418486D42C3CDF9F00381E77 /* Styles.swift */ = {isa = PBXFileReference; lastKnownFileType = sourcecode.swift; path = Styles.swift; sourceTree = "<group>"; };
		418486E32C3CE2F900381E77 /* Preview Assets.xcassets */ = {isa = PBXFileReference; lastKnownFileType = folder.assetcatalog; path = "Preview Assets.xcassets"; sourceTree = "<group>"; };
		418586192C3BC38000F3207F /* FetchedObjects.swift */ = {isa = PBXFileReference; fileEncoding = 4; lastKnownFileType = sourcecode.swift; path = FetchedObjects.swift; sourceTree = "<group>"; };
		4185861B2C3BC38700F3207F /* Persistence.swift */ = {isa = PBXFileReference; fileEncoding = 4; lastKnownFileType = sourcecode.swift; path = Persistence.swift; sourceTree = "<group>"; };
		4185861D2C3BC4C200F3207F /* MenuList.swift */ = {isa = PBXFileReference; lastKnownFileType = sourcecode.swift; path = MenuList.swift; sourceTree = "<group>"; };
		4185861F2C3BC4F500F3207F /* MenuItem.swift */ = {isa = PBXFileReference; lastKnownFileType = sourcecode.swift; path = MenuItem.swift; sourceTree = "<group>"; };
		418EFC1E2C3A93A90054069C /* Home.swift */ = {isa = PBXFileReference; lastKnownFileType = sourcecode.swift; path = Home.swift; sourceTree = "<group>"; };
		418EFC202C3A98770054069C /* Menu.swift */ = {isa = PBXFileReference; lastKnownFileType = sourcecode.swift; path = Menu.swift; sourceTree = "<group>"; };
		418EFC222C3AA0D30054069C /* UserProfile.swift */ = {isa = PBXFileReference; lastKnownFileType = sourcecode.swift; path = UserProfile.swift; sourceTree = "<group>"; };
/* End PBXFileReference section */

/* Begin PBXFrameworksBuildPhase section */
		41071D202C3953A900828C8E /* Frameworks */ = {
			isa = PBXFrameworksBuildPhase;
			buildActionMask = 2147483647;
			files = (
			);
			runOnlyForDeploymentPostprocessing = 0;
		};
/* End PBXFrameworksBuildPhase section */

/* Begin PBXGroup section */
		41071D1A2C3953A900828C8E = {
			isa = PBXGroup;
			children = (
				41071D252C3953A900828C8E /* LittleLemonRestaurant */,
				418486D42C3CDF9F00381E77 /* Styles.swift */,
				41071D242C3953A900828C8E /* Products */,
			);
			sourceTree = "<group>";
		};
		41071D242C3953A900828C8E /* Products */ = {
			isa = PBXGroup;
			children = (
				41071D232C3953A900828C8E /* LittleLemonRestaurant.app */,
			);
			name = Products;
			sourceTree = "<group>";
		};
		41071D252C3953A900828C8E /* LittleLemonRestaurant */ = {
			isa = PBXGroup;
			children = (
				418486E42C3CE2F900381E77 /* Preview Content */,
				418486CF2C3CDD4F00381E77 /* CoreData */,
				418486D32C3CDDE400381E77 /* Models */,
				41071D262C3953A900828C8E /* LittleLemonRestaurantApp.swift */,
				41071D2A2C3953AA00828C8E /* Assets.xcassets */,
				418486C72C3CDC3100381E77 /* Views */,
			);
			path = LittleLemonRestaurant;
			sourceTree = "<group>";
		};
		418486C72C3CDC3100381E77 /* Views */ = {
			isa = PBXGroup;
			children = (
				41071D342C3953D200828C8E /* OnBoardingView.swift */,
				418EFC202C3A98770054069C /* Menu.swift */,
				418EFC1E2C3A93A90054069C /* Home.swift */,
				418EFC222C3AA0D30054069C /* UserProfile.swift */,
				412E683B2C3C544300375967 /* Hero.swift */,
				41071D382C39596900828C8E /* Header.swift */,
				418486CB2C3CDCFD00381E77 /* FoodItem.swift */,
				418486C92C3CDCBB00381E77 /* MainScreen.swift */,
				418486CD2C3CDD2100381E77 /* DetailItem.swift */,
				418486C82C3CDC6E00381E77 /* ViewModel */,
			);
			path = Views;
			sourceTree = "<group>";
		};
		418486C82C3CDC6E00381E77 /* ViewModel */ = {
			isa = PBXGroup;
			children = (
				41071D362C39592B00828C8E /* ViewModel.swift */,
			);
			path = ViewModel;
			sourceTree = "<group>";
		};
		418486CF2C3CDD4F00381E77 /* CoreData */ = {
			isa = PBXGroup;
			children = (
				418486D02C3CDD9300381E77 /* ExampleDatabase.xcdatamodeld */,
				418586192C3BC38000F3207F /* FetchedObjects.swift */,
				4185861B2C3BC38700F3207F /* Persistence.swift */,
			);
			path = CoreData;
			sourceTree = "<group>";
		};
		418486D32C3CDDE400381E77 /* Models */ = {
			isa = PBXGroup;
			children = (
				4185861F2C3BC4F500F3207F /* MenuItem.swift */,
				4185861D2C3BC4C200F3207F /* MenuList.swift */,
			);
			path = Models;
			sourceTree = "<group>";
		};
		418486E42C3CE2F900381E77 /* Preview Content */ = {
			isa = PBXGroup;
			children = (
				418486E32C3CE2F900381E77 /* Preview Assets.xcassets */,
			);
			path = "Preview Content";
			sourceTree = "<group>";
		};
/* End PBXGroup section */

/* Begin PBXNativeTarget section */
		41071D222C3953A900828C8E /* LittleLemonRestaurant */ = {
			isa = PBXNativeTarget;
			buildConfigurationList = 41071D312C3953AA00828C8E /* Build configuration list for PBXNativeTarget "LittleLemonRestaurant" */;
			buildPhases = (
				41071D1F2C3953A900828C8E /* Sources */,
				41071D202C3953A900828C8E /* Frameworks */,
				41071D212C3953A900828C8E /* Resources */,
			);
			buildRules = (
			);
			dependencies = (
			);
			name = LittleLemonRestaurant;
			productName = LittleLemonRestaurant;
			productReference = 41071D232C3953A900828C8E /* LittleLemonRestaurant.app */;
			productType = "com.apple.product-type.application";
		};
/* End PBXNativeTarget section */

/* Begin PBXProject section */
		41071D1B2C3953A900828C8E /* Project object */ = {
			isa = PBXProject;
			attributes = {
				BuildIndependentTargetsInParallel = 1;
				LastSwiftUpdateCheck = 1530;
				LastUpgradeCheck = 1530;
				TargetAttributes = {
					41071D222C3953A900828C8E = {
						CreatedOnToolsVersion = 15.3;
					};
				};
			};
			buildConfigurationList = 41071D1E2C3953A900828C8E /* Build configuration list for PBXProject "LittleLemonRestaurant" */;
			compatibilityVersion = "Xcode 14.0";
			developmentRegion = en;
			hasScannedForEncodings = 0;
			knownRegions = (
				en,
				Base,
			);
			mainGroup = 41071D1A2C3953A900828C8E;
			productRefGroup = 41071D242C3953A900828C8E /* Products */;
			projectDirPath = "";
			projectRoot = "";
			targets = (
				41071D222C3953A900828C8E /* LittleLemonRestaurant */,
			);
		};
/* End PBXProject section */

/* Begin PBXResourcesBuildPhase section */
		41071D212C3953A900828C8E /* Resources */ = {
			isa = PBXResourcesBuildPhase;
			buildActionMask = 2147483647;
			files = (
				418486E52C3CE2F900381E77 /* Preview Assets.xcassets in Resources */,
				41071D2B2C3953AA00828C8E /* Assets.xcassets in Resources */,
			);
			runOnlyForDeploymentPostprocessing = 0;
		};
/* End PBXResourcesBuildPhase section */

/* Begin PBXSourcesBuildPhase section */
		41071D1F2C3953A900828C8E /* Sources */ = {
			isa = PBXSourcesBuildPhase;
			buildActionMask = 2147483647;
			files = (
				418486D22C3CDD9300381E77 /* ExampleDatabase.xcdatamodeld in Sources */,
				4185861C2C3BC38700F3207F /* Persistence.swift in Sources */,
				418EFC212C3A98770054069C /* Menu.swift in Sources */,
				41071D392C39596900828C8E /* Header.swift in Sources */,
				418EFC232C3AA0D30054069C /* UserProfile.swift in Sources */,
				418486CC2C3CDCFD00381E77 /* FoodItem.swift in Sources */,
				41071D352C3953D200828C8E /* OnBoardingView.swift in Sources */,
				4185861A2C3BC38000F3207F /* FetchedObjects.swift in Sources */,
				418EFC1F2C3A93A90054069C /* Home.swift in Sources */,
				41071D372C39592B00828C8E /* ViewModel.swift in Sources */,
				418486CA2C3CDCBB00381E77 /* MainScreen.swift in Sources */,
				418586202C3BC4F500F3207F /* MenuItem.swift in Sources */,
				418486D52C3CDF9F00381E77 /* Styles.swift in Sources */,
				4185861E2C3BC4C200F3207F /* MenuList.swift in Sources */,
				418486CE2C3CDD2100381E77 /* DetailItem.swift in Sources */,
				412E683C2C3C544300375967 /* Hero.swift in Sources */,
				41071D272C3953A900828C8E /* LittleLemonRestaurantApp.swift in Sources */,
			);
			runOnlyForDeploymentPostprocessing = 0;
		};
/* End PBXSourcesBuildPhase section */

/* Begin XCBuildConfiguration section */
		41071D2F2C3953AA00828C8E /* Debug */ = {
			isa = XCBuildConfiguration;
			buildSettings = {
				ALWAYS_SEARCH_USER_PATHS = NO;
				ASSETCATALOG_COMPILER_GENERATE_SWIFT_ASSET_SYMBOL_EXTENSIONS = YES;
				CLANG_ANALYZER_NONNULL = YES;
				CLANG_ANALYZER_NUMBER_OBJECT_CONVERSION = YES_AGGRESSIVE;
				CLANG_CXX_LANGUAGE_STANDARD = "gnu++20";
				CLANG_ENABLE_MODULES = YES;
				CLANG_ENABLE_OBJC_ARC = YES;
				CLANG_ENABLE_OBJC_WEAK = YES;
				CLANG_WARN_BLOCK_CAPTURE_AUTORELEASING = YES;
				CLANG_WARN_BOOL_CONVERSION = YES;
				CLANG_WARN_COMMA = YES;
				CLANG_WARN_CONSTANT_CONVERSION = YES;
				CLANG_WARN_DEPRECATED_OBJC_IMPLEMENTATIONS = YES;
				CLANG_WARN_DIRECT_OBJC_ISA_USAGE = YES_ERROR;
				CLANG_WARN_DOCUMENTATION_COMMENTS = YES;
				CLANG_WARN_EMPTY_BODY = YES;
				CLANG_WARN_ENUM_CONVERSION = YES;
				CLANG_WARN_INFINITE_RECURSION = YES;
				CLANG_WARN_INT_CONVERSION = YES;
				CLANG_WARN_NON_LITERAL_NULL_CONVERSION = YES;
				CLANG_WARN_OBJC_IMPLICIT_RETAIN_SELF = YES;
				CLANG_WARN_OBJC_LITERAL_CONVERSION = YES;
				CLANG_WARN_OBJC_ROOT_CLASS = YES_ERROR;
				CLANG_WARN_QUOTED_INCLUDE_IN_FRAMEWORK_HEADER = YES;
				CLANG_WARN_RANGE_LOOP_ANALYSIS = YES;
				CLANG_WARN_STRICT_PROTOTYPES = YES;
				CLANG_WARN_SUSPICIOUS_MOVE = YES;
				CLANG_WARN_UNGUARDED_AVAILABILITY = YES_AGGRESSIVE;
				CLANG_WARN_UNREACHABLE_CODE = YES;
				CLANG_WARN__DUPLICATE_METHOD_MATCH = YES;
				COPY_PHASE_STRIP = NO;
				DEBUG_INFORMATION_FORMAT = dwarf;
				ENABLE_STRICT_OBJC_MSGSEND = YES;
				ENABLE_TESTABILITY = YES;
				ENABLE_USER_SCRIPT_SANDBOXING = YES;
				GCC_C_LANGUAGE_STANDARD = gnu17;
				GCC_DYNAMIC_NO_PIC = NO;
				GCC_NO_COMMON_BLOCKS = YES;
				GCC_OPTIMIZATION_LEVEL = 0;
				GCC_PREPROCESSOR_DEFINITIONS = (
					"DEBUG=1",
					"$(inherited)",
				);
				GCC_WARN_64_TO_32_BIT_CONVERSION = YES;
				GCC_WARN_ABOUT_RETURN_TYPE = YES_ERROR;
				GCC_WARN_UNDECLARED_SELECTOR = YES;
				GCC_WARN_UNINITIALIZED_AUTOS = YES_AGGRESSIVE;
				GCC_WARN_UNUSED_FUNCTION = YES;
				GCC_WARN_UNUSED_VARIABLE = YES;
				IPHONEOS_DEPLOYMENT_TARGET = 17.4;
				LOCALIZATION_PREFERS_STRING_CATALOGS = YES;
				MTL_ENABLE_DEBUG_INFO = INCLUDE_SOURCE;
				MTL_FAST_MATH = YES;
				ONLY_ACTIVE_ARCH = YES;
				SDKROOT = iphoneos;
				SWIFT_ACTIVE_COMPILATION_CONDITIONS = "DEBUG $(inherited)";
				SWIFT_OPTIMIZATION_LEVEL = "-Onone";
			};
			name = Debug;
		};
		41071D302C3953AA00828C8E /* Release */ = {
			isa = XCBuildConfiguration;
			buildSettings = {
				ALWAYS_SEARCH_USER_PATHS = NO;
				ASSETCATALOG_COMPILER_GENERATE_SWIFT_ASSET_SYMBOL_EXTENSIONS = YES;
				CLANG_ANALYZER_NONNULL = YES;
				CLANG_ANALYZER_NUMBER_OBJECT_CONVERSION = YES_AGGRESSIVE;
				CLANG_CXX_LANGUAGE_STANDARD = "gnu++20";
				CLANG_ENABLE_MODULES = YES;
				CLANG_ENABLE_OBJC_ARC = YES;
				CLANG_ENABLE_OBJC_WEAK = YES;
				CLANG_WARN_BLOCK_CAPTURE_AUTORELEASING = YES;
				CLANG_WARN_BOOL_CONVERSION = YES;
				CLANG_WARN_COMMA = YES;
				CLANG_WARN_CONSTANT_CONVERSION = YES;
				CLANG_WARN_DEPRECATED_OBJC_IMPLEMENTATIONS = YES;
				CLANG_WARN_DIRECT_OBJC_ISA_USAGE = YES_ERROR;
				CLANG_WARN_DOCUMENTATION_COMMENTS = YES;
				CLANG_WARN_EMPTY_BODY = YES;
				CLANG_WARN_ENUM_CONVERSION = YES;
				CLANG_WARN_INFINITE_RECURSION = YES;
				CLANG_WARN_INT_CONVERSION = YES;
				CLANG_WARN_NON_LITERAL_NULL_CONVERSION = YES;
				CLANG_WARN_OBJC_IMPLICIT_RETAIN_SELF = YES;
				CLANG_WARN_OBJC_LITERAL_CONVERSION = YES;
				CLANG_WARN_OBJC_ROOT_CLASS = YES_ERROR;
				CLANG_WARN_QUOTED_INCLUDE_IN_FRAMEWORK_HEADER = YES;
				CLANG_WARN_RANGE_LOOP_ANALYSIS = YES;
				CLANG_WARN_STRICT_PROTOTYPES = YES;
				CLANG_WARN_SUSPICIOUS_MOVE = YES;
				CLANG_WARN_UNGUARDED_AVAILABILITY = YES_AGGRESSIVE;
				CLANG_WARN_UNREACHABLE_CODE = YES;
				CLANG_WARN__DUPLICATE_METHOD_MATCH = YES;
				COPY_PHASE_STRIP = NO;
				DEBUG_INFORMATION_FORMAT = "dwarf-with-dsym";
				ENABLE_NS_ASSERTIONS = NO;
				ENABLE_STRICT_OBJC_MSGSEND = YES;
				ENABLE_USER_SCRIPT_SANDBOXING = YES;
				GCC_C_LANGUAGE_STANDARD = gnu17;
				GCC_NO_COMMON_BLOCKS = YES;
				GCC_WARN_64_TO_32_BIT_CONVERSION = YES;
				GCC_WARN_ABOUT_RETURN_TYPE = YES_ERROR;
				GCC_WARN_UNDECLARED_SELECTOR = YES;
				GCC_WARN_UNINITIALIZED_AUTOS = YES_AGGRESSIVE;
				GCC_WARN_UNUSED_FUNCTION = YES;
				GCC_WARN_UNUSED_VARIABLE = YES;
				IPHONEOS_DEPLOYMENT_TARGET = 17.4;
				LOCALIZATION_PREFERS_STRING_CATALOGS = YES;
				MTL_ENABLE_DEBUG_INFO = NO;
				MTL_FAST_MATH = YES;
				SDKROOT = iphoneos;
				SWIFT_COMPILATION_MODE = wholemodule;
				VALIDATE_PRODUCT = YES;
			};
			name = Release;
		};
		41071D322C3953AA00828C8E /* Debug */ = {
			isa = XCBuildConfiguration;
			buildSettings = {
				ASSETCATALOG_COMPILER_APPICON_NAME = AppIcon;
				ASSETCATALOG_COMPILER_GLOBAL_ACCENT_COLOR_NAME = AccentColor;
				CODE_SIGN_STYLE = Automatic;
				CURRENT_PROJECT_VERSION = 1;
				DEVELOPMENT_ASSET_PATHS = "\"LittleLemonRestaurant/Preview Content\"";
				DEVELOPMENT_TEAM = MUML4YQSVU;
				ENABLE_PREVIEWS = YES;
				GENERATE_INFOPLIST_FILE = YES;
				INFOPLIST_KEY_UIApplicationSceneManifest_Generation = YES;
				INFOPLIST_KEY_UIApplicationSupportsIndirectInputEvents = YES;
				INFOPLIST_KEY_UILaunchScreen_Generation = YES;
				INFOPLIST_KEY_UISupportedInterfaceOrientations_iPad = "UIInterfaceOrientationPortrait UIInterfaceOrientationPortraitUpsideDown UIInterfaceOrientationLandscapeLeft UIInterfaceOrientationLandscapeRight";
				INFOPLIST_KEY_UISupportedInterfaceOrientations_iPhone = "UIInterfaceOrientationPortrait UIInterfaceOrientationLandscapeLeft UIInterfaceOrientationLandscapeRight";
				LD_RUNPATH_SEARCH_PATHS = (
					"$(inherited)",
					"@executable_path/Frameworks",
				);
				MARKETING_VERSION = 1.0;
				PRODUCT_BUNDLE_IDENTIFIER = com.quantum.LittleLemonRestaurant;
				PRODUCT_NAME = "$(TARGET_NAME)";
				SWIFT_EMIT_LOC_STRINGS = YES;
				SWIFT_VERSION = 5.0;
				TARGETED_DEVICE_FAMILY = "1,2";
			};
			name = Debug;
		};
		41071D332C3953AA00828C8E /* Release */ = {
			isa = XCBuildConfiguration;
			buildSettings = {
				ASSETCATALOG_COMPILER_APPICON_NAME = AppIcon;
				ASSETCATALOG_COMPILER_GLOBAL_ACCENT_COLOR_NAME = AccentColor;
				CODE_SIGN_STYLE = Automatic;
				CURRENT_PROJECT_VERSION = 1;
				DEVELOPMENT_ASSET_PATHS = "\"LittleLemonRestaurant/Preview Content\"";
				DEVELOPMENT_TEAM = MUML4YQSVU;
				ENABLE_PREVIEWS = YES;
				GENERATE_INFOPLIST_FILE = YES;
				INFOPLIST_KEY_UIApplicationSceneManifest_Generation = YES;
				INFOPLIST_KEY_UIApplicationSupportsIndirectInputEvents = YES;
				INFOPLIST_KEY_UILaunchScreen_Generation = YES;
				INFOPLIST_KEY_UISupportedInterfaceOrientations_iPad = "UIInterfaceOrientationPortrait UIInterfaceOrientationPortraitUpsideDown UIInterfaceOrientationLandscapeLeft UIInterfaceOrientationLandscapeRight";
				INFOPLIST_KEY_UISupportedInterfaceOrientations_iPhone = "UIInterfaceOrientationPortrait UIInterfaceOrientationLandscapeLeft UIInterfaceOrientationLandscapeRight";
				LD_RUNPATH_SEARCH_PATHS = (
					"$(inherited)",
					"@executable_path/Frameworks",
				);
				MARKETING_VERSION = 1.0;
				PRODUCT_BUNDLE_IDENTIFIER = com.quantum.LittleLemonRestaurant;
				PRODUCT_NAME = "$(TARGET_NAME)";
				SWIFT_EMIT_LOC_STRINGS = YES;
				SWIFT_VERSION = 5.0;
				TARGETED_DEVICE_FAMILY = "1,2";
			};
			name = Release;
		};
/* End XCBuildConfiguration section */

/* Begin XCConfigurationList section */
		41071D1E2C3953A900828C8E /* Build configuration list for PBXProject "LittleLemonRestaurant" */ = {
			isa = XCConfigurationList;
			buildConfigurations = (
				41071D2F2C3953AA00828C8E /* Debug */,
				41071D302C3953AA00828C8E /* Release */,
			);
			defaultConfigurationIsVisible = 0;
			defaultConfigurationName = Release;
		};
		41071D312C3953AA00828C8E /* Build configuration list for PBXNativeTarget "LittleLemonRestaurant" */ = {
			isa = XCConfigurationList;
			buildConfigurations = (
				41071D322C3953AA00828C8E /* Debug */,
				41071D332C3953AA00828C8E /* Release */,
			);
			defaultConfigurationIsVisible = 0;
			defaultConfigurationName = Release;
		};
/* End XCConfigurationList section */

/* Begin XCVersionGroup section */
		418486D02C3CDD9300381E77 /* ExampleDatabase.xcdatamodeld */ = {
			isa = XCVersionGroup;
			children = (
				418486D12C3CDD9300381E77 /* ExampleDatabase.xcdatamodel */,
			);
			currentVersion = 418486D12C3CDD9300381E77 /* ExampleDatabase.xcdatamodel */;
			name = ExampleDatabase.xcdatamodeld;
			path = /Users/santoshacharya/2081/LittleLemonRestaurant/LittleLemonRestaurant/CoreData/ExampleDatabase.xcdatamodeld;
			sourceTree = "<group>";
			versionGroupType = wrapper.xcdatamodel;
		};
/* End XCVersionGroup section */
	};
	rootObject = 41071D1B2C3953A900828C8E /* Project object */;
}
